// !$*UTF8*$!
{
	archiveVersion = 1;
	classes = {
	};
	objectVersion = 55;
	objects = {

/* Begin PBXBuildFile section */
		521782C028C0AF6D0016F8F3 /* HTTPClient.swift in Sources */ = {isa = PBXBuildFile; fileRef = 521782BF28C0AF6D0016F8F3 /* HTTPClient.swift */; };
		521782C228C0AFEA0016F8F3 /* FeedItemsMapper.swift in Sources */ = {isa = PBXBuildFile; fileRef = 521782C128C0AFEA0016F8F3 /* FeedItemsMapper.swift */; };
		521782C528C5F1680016F8F3 /* URLSessionHTTPClientTests.swift in Sources */ = {isa = PBXBuildFile; fileRef = 521782C428C5F1680016F8F3 /* URLSessionHTTPClientTests.swift */; };
		5242C165289420C10085CA93 /* AppDelegate.swift in Sources */ = {isa = PBXBuildFile; fileRef = 5242C164289420C10085CA93 /* AppDelegate.swift */; };
		5242C169289420C20085CA93 /* Assets.xcassets in Resources */ = {isa = PBXBuildFile; fileRef = 5242C168289420C20085CA93 /* Assets.xcassets */; };
		5242C16C289420C20085CA93 /* Main.storyboard in Resources */ = {isa = PBXBuildFile; fileRef = 5242C16A289420C20085CA93 /* Main.storyboard */; };
		5242C1812894220C0085CA93 /* RemoteFeedLoaderTests.swift in Sources */ = {isa = PBXBuildFile; fileRef = 5242C1802894220C0085CA93 /* RemoteFeedLoaderTests.swift */; };
		5242C184289422340085CA93 /* FeedLoader.swift in Sources */ = {isa = PBXBuildFile; fileRef = 5242C182289422340085CA93 /* FeedLoader.swift */; };
		5242C185289422340085CA93 /* FeedItem.swift in Sources */ = {isa = PBXBuildFile; fileRef = 5242C183289422340085CA93 /* FeedItem.swift */; };
		5242C1892897C6EC0085CA93 /* RemoteFeedLoader.swift in Sources */ = {isa = PBXBuildFile; fileRef = 5242C1882897C6EC0085CA93 /* RemoteFeedLoader.swift */; };
		52A802D328C9E6D400BC9E4C /* EssentialFeedAPIEndToEndTests.swift in Sources */ = {isa = PBXBuildFile; fileRef = 52A802D228C9E6D400BC9E4C /* EssentialFeedAPIEndToEndTests.swift */; };
		52A802DA28C9E7BF00BC9E4C /* URLSessionHTTPClient.swift in Sources */ = {isa = PBXBuildFile; fileRef = 52A802D928C9E7BF00BC9E4C /* URLSessionHTTPClient.swift */; };
/* End PBXBuildFile section */

/* Begin PBXContainerItemProxy section */
		5242C17B289421050085CA93 /* PBXContainerItemProxy */ = {
			isa = PBXContainerItemProxy;
			containerPortal = 5242C159289420C10085CA93 /* Project object */;
			proxyType = 1;
			remoteGlobalIDString = 5242C160289420C10085CA93;
			remoteInfo = EssentialFeed;
		};
		52A802D428C9E6D400BC9E4C /* PBXContainerItemProxy */ = {
			isa = PBXContainerItemProxy;
			containerPortal = 5242C159289420C10085CA93 /* Project object */;
			proxyType = 1;
			remoteGlobalIDString = 5242C160289420C10085CA93;
			remoteInfo = EssentialFeed;
		};
/* End PBXContainerItemProxy section */

/* Begin PBXFileReference section */
		521782BF28C0AF6D0016F8F3 /* HTTPClient.swift */ = {isa = PBXFileReference; lastKnownFileType = sourcecode.swift; path = HTTPClient.swift; sourceTree = "<group>"; };
		521782C128C0AFEA0016F8F3 /* FeedItemsMapper.swift */ = {isa = PBXFileReference; lastKnownFileType = sourcecode.swift; path = FeedItemsMapper.swift; sourceTree = "<group>"; };
		521782C428C5F1680016F8F3 /* URLSessionHTTPClientTests.swift */ = {isa = PBXFileReference; lastKnownFileType = sourcecode.swift; path = URLSessionHTTPClientTests.swift; sourceTree = "<group>"; };
		5242C161289420C10085CA93 /* EssentialFeed.app */ = {isa = PBXFileReference; explicitFileType = wrapper.application; includeInIndex = 0; path = EssentialFeed.app; sourceTree = BUILT_PRODUCTS_DIR; };
		5242C164289420C10085CA93 /* AppDelegate.swift */ = {isa = PBXFileReference; lastKnownFileType = sourcecode.swift; path = AppDelegate.swift; sourceTree = "<group>"; };
		5242C168289420C20085CA93 /* Assets.xcassets */ = {isa = PBXFileReference; lastKnownFileType = folder.assetcatalog; path = Assets.xcassets; sourceTree = "<group>"; };
		5242C16B289420C20085CA93 /* Base */ = {isa = PBXFileReference; lastKnownFileType = file.storyboard; name = Base; path = Base.lproj/Main.storyboard; sourceTree = "<group>"; };
		5242C16D289420C20085CA93 /* EssentialFeed.entitlements */ = {isa = PBXFileReference; lastKnownFileType = text.plist.entitlements; path = EssentialFeed.entitlements; sourceTree = "<group>"; };
		5242C177289421050085CA93 /* EssentialFeedTests.xctest */ = {isa = PBXFileReference; explicitFileType = wrapper.cfbundle; includeInIndex = 0; path = EssentialFeedTests.xctest; sourceTree = BUILT_PRODUCTS_DIR; };
		5242C1802894220C0085CA93 /* RemoteFeedLoaderTests.swift */ = {isa = PBXFileReference; lastKnownFileType = sourcecode.swift; path = RemoteFeedLoaderTests.swift; sourceTree = "<group>"; };
		5242C182289422340085CA93 /* FeedLoader.swift */ = {isa = PBXFileReference; lastKnownFileType = sourcecode.swift; path = FeedLoader.swift; sourceTree = "<group>"; };
		5242C183289422340085CA93 /* FeedItem.swift */ = {isa = PBXFileReference; lastKnownFileType = sourcecode.swift; path = FeedItem.swift; sourceTree = "<group>"; };
		5242C1882897C6EC0085CA93 /* RemoteFeedLoader.swift */ = {isa = PBXFileReference; lastKnownFileType = sourcecode.swift; path = RemoteFeedLoader.swift; sourceTree = "<group>"; };
		52A4C8A428CA109500C8721C /* Info.plist */ = {isa = PBXFileReference; lastKnownFileType = text.plist; path = Info.plist; sourceTree = "<group>"; };
		52A802D028C9E6D400BC9E4C /* EssentialFeedAPIEndToEndTests.xctest */ = {isa = PBXFileReference; explicitFileType = wrapper.cfbundle; includeInIndex = 0; path = EssentialFeedAPIEndToEndTests.xctest; sourceTree = BUILT_PRODUCTS_DIR; };
		52A802D228C9E6D400BC9E4C /* EssentialFeedAPIEndToEndTests.swift */ = {isa = PBXFileReference; lastKnownFileType = sourcecode.swift; path = EssentialFeedAPIEndToEndTests.swift; sourceTree = "<group>"; };
		52A802D928C9E7BF00BC9E4C /* URLSessionHTTPClient.swift */ = {isa = PBXFileReference; lastKnownFileType = sourcecode.swift; path = URLSessionHTTPClient.swift; sourceTree = "<group>"; };
/* End PBXFileReference section */

/* Begin PBXFrameworksBuildPhase section */
		5242C15E289420C10085CA93 /* Frameworks */ = {
			isa = PBXFrameworksBuildPhase;
			buildActionMask = 2147483647;
			files = (
			);
			runOnlyForDeploymentPostprocessing = 0;
		};
		5242C174289421050085CA93 /* Frameworks */ = {
			isa = PBXFrameworksBuildPhase;
			buildActionMask = 2147483647;
			files = (
			);
			runOnlyForDeploymentPostprocessing = 0;
		};
		52A802CD28C9E6D400BC9E4C /* Frameworks */ = {
			isa = PBXFrameworksBuildPhase;
			buildActionMask = 2147483647;
			files = (
			);
			runOnlyForDeploymentPostprocessing = 0;
		};
/* End PBXFrameworksBuildPhase section */

/* Begin PBXGroup section */
		521782C328C0B9190016F8F3 /* Feed API */ = {
			isa = PBXGroup;
			children = (
				521782C428C5F1680016F8F3 /* URLSessionHTTPClientTests.swift */,
				5242C1802894220C0085CA93 /* RemoteFeedLoaderTests.swift */,
			);
			path = "Feed API";
			sourceTree = "<group>";
		};
		5242C158289420C10085CA93 = {
			isa = PBXGroup;
			children = (
				5242C163289420C10085CA93 /* EssentialFeed */,
				5242C178289421050085CA93 /* EssentialFeedTests */,
				52A802D128C9E6D400BC9E4C /* EssentialFeedAPIEndToEndTests */,
				5242C162289420C10085CA93 /* Products */,
			);
			sourceTree = "<group>";
		};
		5242C162289420C10085CA93 /* Products */ = {
			isa = PBXGroup;
			children = (
				5242C161289420C10085CA93 /* EssentialFeed.app */,
				5242C177289421050085CA93 /* EssentialFeedTests.xctest */,
				52A802D028C9E6D400BC9E4C /* EssentialFeedAPIEndToEndTests.xctest */,
			);
			name = Products;
			sourceTree = "<group>";
		};
		5242C163289420C10085CA93 /* EssentialFeed */ = {
			isa = PBXGroup;
			children = (
				52A4C8A428CA109500C8721C /* Info.plist */,
				5242C164289420C10085CA93 /* AppDelegate.swift */,
				5242C1872897C6D30085CA93 /* Fead API */,
				5242C1862897C6B80085CA93 /* Feed Feature */,
				5242C168289420C20085CA93 /* Assets.xcassets */,
				5242C16A289420C20085CA93 /* Main.storyboard */,
				5242C16D289420C20085CA93 /* EssentialFeed.entitlements */,
			);
			path = EssentialFeed;
			sourceTree = "<group>";
		};
		5242C178289421050085CA93 /* EssentialFeedTests */ = {
			isa = PBXGroup;
			children = (
				521782C328C0B9190016F8F3 /* Feed API */,
			);
			path = EssentialFeedTests;
			sourceTree = "<group>";
		};
		5242C1862897C6B80085CA93 /* Feed Feature */ = {
			isa = PBXGroup;
			children = (
				5242C182289422340085CA93 /* FeedLoader.swift */,
				5242C183289422340085CA93 /* FeedItem.swift */,
			);
			path = "Feed Feature";
			sourceTree = "<group>";
		};
		5242C1872897C6D30085CA93 /* Fead API */ = {
			isa = PBXGroup;
			children = (
				5242C1882897C6EC0085CA93 /* RemoteFeedLoader.swift */,
				521782BF28C0AF6D0016F8F3 /* HTTPClient.swift */,
				521782C128C0AFEA0016F8F3 /* FeedItemsMapper.swift */,
				52A802D928C9E7BF00BC9E4C /* URLSessionHTTPClient.swift */,
			);
			path = "Fead API";
			sourceTree = "<group>";
		};
		52A802D128C9E6D400BC9E4C /* EssentialFeedAPIEndToEndTests */ = {
			isa = PBXGroup;
			children = (
				52A802D228C9E6D400BC9E4C /* EssentialFeedAPIEndToEndTests.swift */,
			);
			path = EssentialFeedAPIEndToEndTests;
			sourceTree = "<group>";
		};
/* End PBXGroup section */

/* Begin PBXNativeTarget section */
		5242C160289420C10085CA93 /* EssentialFeed */ = {
			isa = PBXNativeTarget;
			buildConfigurationList = 5242C170289420C20085CA93 /* Build configuration list for PBXNativeTarget "EssentialFeed" */;
			buildPhases = (
				5242C15D289420C10085CA93 /* Sources */,
				5242C15E289420C10085CA93 /* Frameworks */,
				5242C15F289420C10085CA93 /* Resources */,
			);
			buildRules = (
			);
			dependencies = (
			);
			name = EssentialFeed;
			productName = EssentialFeed;
			productReference = 5242C161289420C10085CA93 /* EssentialFeed.app */;
			productType = "com.apple.product-type.application";
		};
		5242C176289421050085CA93 /* EssentialFeedTests */ = {
			isa = PBXNativeTarget;
			buildConfigurationList = 5242C17D289421050085CA93 /* Build configuration list for PBXNativeTarget "EssentialFeedTests" */;
			buildPhases = (
				5242C173289421050085CA93 /* Sources */,
				5242C174289421050085CA93 /* Frameworks */,
				5242C175289421050085CA93 /* Resources */,
			);
			buildRules = (
			);
			dependencies = (
				5242C17C289421050085CA93 /* PBXTargetDependency */,
			);
			name = EssentialFeedTests;
			productName = EssentialFeedTests;
			productReference = 5242C177289421050085CA93 /* EssentialFeedTests.xctest */;
			productType = "com.apple.product-type.bundle.unit-test";
		};
		52A802CF28C9E6D400BC9E4C /* EssentialFeedAPIEndToEndTests */ = {
			isa = PBXNativeTarget;
			buildConfigurationList = 52A802D828C9E6D400BC9E4C /* Build configuration list for PBXNativeTarget "EssentialFeedAPIEndToEndTests" */;
			buildPhases = (
				52A802CC28C9E6D400BC9E4C /* Sources */,
				52A802CD28C9E6D400BC9E4C /* Frameworks */,
				52A802CE28C9E6D400BC9E4C /* Resources */,
			);
			buildRules = (
			);
			dependencies = (
				52A802D528C9E6D400BC9E4C /* PBXTargetDependency */,
			);
			name = EssentialFeedAPIEndToEndTests;
			productName = EssentialFeedAPIEndToEndTests;
			productReference = 52A802D028C9E6D400BC9E4C /* EssentialFeedAPIEndToEndTests.xctest */;
			productType = "com.apple.product-type.bundle.unit-test";
		};
/* End PBXNativeTarget section */

/* Begin PBXProject section */
		5242C159289420C10085CA93 /* Project object */ = {
			isa = PBXProject;
			attributes = {
				BuildIndependentTargetsInParallel = 1;
				LastSwiftUpdateCheck = 1340;
				LastUpgradeCheck = 1330;
				TargetAttributes = {
					5242C160289420C10085CA93 = {
						CreatedOnToolsVersion = 13.3.1;
					};
					5242C176289421050085CA93 = {
						CreatedOnToolsVersion = 13.3.1;
						TestTargetID = 5242C160289420C10085CA93;
					};
					52A802CF28C9E6D400BC9E4C = {
						CreatedOnToolsVersion = 13.4.1;
						TestTargetID = 5242C160289420C10085CA93;
					};
				};
			};
			buildConfigurationList = 5242C15C289420C10085CA93 /* Build configuration list for PBXProject "EssentialFeed" */;
			compatibilityVersion = "Xcode 13.0";
			developmentRegion = en;
			hasScannedForEncodings = 0;
			knownRegions = (
				en,
				Base,
			);
			mainGroup = 5242C158289420C10085CA93;
			productRefGroup = 5242C162289420C10085CA93 /* Products */;
			projectDirPath = "";
			projectRoot = "";
			targets = (
				5242C160289420C10085CA93 /* EssentialFeed */,
				5242C176289421050085CA93 /* EssentialFeedTests */,
				52A802CF28C9E6D400BC9E4C /* EssentialFeedAPIEndToEndTests */,
			);
		};
/* End PBXProject section */

/* Begin PBXResourcesBuildPhase section */
		5242C15F289420C10085CA93 /* Resources */ = {
			isa = PBXResourcesBuildPhase;
			buildActionMask = 2147483647;
			files = (
				5242C169289420C20085CA93 /* Assets.xcassets in Resources */,
				5242C16C289420C20085CA93 /* Main.storyboard in Resources */,
			);
			runOnlyForDeploymentPostprocessing = 0;
		};
		5242C175289421050085CA93 /* Resources */ = {
			isa = PBXResourcesBuildPhase;
			buildActionMask = 2147483647;
			files = (
			);
			runOnlyForDeploymentPostprocessing = 0;
		};
		52A802CE28C9E6D400BC9E4C /* Resources */ = {
			isa = PBXResourcesBuildPhase;
			buildActionMask = 2147483647;
			files = (
			);
			runOnlyForDeploymentPostprocessing = 0;
		};
/* End PBXResourcesBuildPhase section */

/* Begin PBXSourcesBuildPhase section */
		5242C15D289420C10085CA93 /* Sources */ = {
			isa = PBXSourcesBuildPhase;
			buildActionMask = 2147483647;
			files = (
				52A802DA28C9E7BF00BC9E4C /* URLSessionHTTPClient.swift in Sources */,
				5242C185289422340085CA93 /* FeedItem.swift in Sources */,
				5242C184289422340085CA93 /* FeedLoader.swift in Sources */,
				521782C028C0AF6D0016F8F3 /* HTTPClient.swift in Sources */,
				521782C228C0AFEA0016F8F3 /* FeedItemsMapper.swift in Sources */,
				5242C1892897C6EC0085CA93 /* RemoteFeedLoader.swift in Sources */,
				5242C165289420C10085CA93 /* AppDelegate.swift in Sources */,
			);
			runOnlyForDeploymentPostprocessing = 0;
		};
		5242C173289421050085CA93 /* Sources */ = {
			isa = PBXSourcesBuildPhase;
			buildActionMask = 2147483647;
			files = (
				5242C1812894220C0085CA93 /* RemoteFeedLoaderTests.swift in Sources */,
				521782C528C5F1680016F8F3 /* URLSessionHTTPClientTests.swift in Sources */,
			);
			runOnlyForDeploymentPostprocessing = 0;
		};
		52A802CC28C9E6D400BC9E4C /* Sources */ = {
			isa = PBXSourcesBuildPhase;
			buildActionMask = 2147483647;
			files = (
				52A802D328C9E6D400BC9E4C /* EssentialFeedAPIEndToEndTests.swift in Sources */,
			);
			runOnlyForDeploymentPostprocessing = 0;
		};
/* End PBXSourcesBuildPhase section */

/* Begin PBXTargetDependency section */
		5242C17C289421050085CA93 /* PBXTargetDependency */ = {
			isa = PBXTargetDependency;
			target = 5242C160289420C10085CA93 /* EssentialFeed */;
			targetProxy = 5242C17B289421050085CA93 /* PBXContainerItemProxy */;
		};
		52A802D528C9E6D400BC9E4C /* PBXTargetDependency */ = {
			isa = PBXTargetDependency;
			target = 5242C160289420C10085CA93 /* EssentialFeed */;
			targetProxy = 52A802D428C9E6D400BC9E4C /* PBXContainerItemProxy */;
		};
/* End PBXTargetDependency section */

/* Begin PBXVariantGroup section */
		5242C16A289420C20085CA93 /* Main.storyboard */ = {
			isa = PBXVariantGroup;
			children = (
				5242C16B289420C20085CA93 /* Base */,
			);
			name = Main.storyboard;
			sourceTree = "<group>";
		};
/* End PBXVariantGroup section */

/* Begin XCBuildConfiguration section */
		5242C16E289420C20085CA93 /* Debug */ = {
			isa = XCBuildConfiguration;
			buildSettings = {
				ALWAYS_SEARCH_USER_PATHS = NO;
				CLANG_ANALYZER_NONNULL = YES;
				CLANG_ANALYZER_NUMBER_OBJECT_CONVERSION = YES_AGGRESSIVE;
				CLANG_CXX_LANGUAGE_STANDARD = "gnu++17";
				CLANG_ENABLE_MODULES = YES;
				CLANG_ENABLE_OBJC_ARC = YES;
				CLANG_ENABLE_OBJC_WEAK = YES;
				CLANG_WARN_BLOCK_CAPTURE_AUTORELEASING = YES;
				CLANG_WARN_BOOL_CONVERSION = YES;
				CLANG_WARN_COMMA = YES;
				CLANG_WARN_CONSTANT_CONVERSION = YES;
				CLANG_WARN_DEPRECATED_OBJC_IMPLEMENTATIONS = YES;
				CLANG_WARN_DIRECT_OBJC_ISA_USAGE = YES_ERROR;
				CLANG_WARN_DOCUMENTATION_COMMENTS = YES;
				CLANG_WARN_EMPTY_BODY = YES;
				CLANG_WARN_ENUM_CONVERSION = YES;
				CLANG_WARN_INFINITE_RECURSION = YES;
				CLANG_WARN_INT_CONVERSION = YES;
				CLANG_WARN_NON_LITERAL_NULL_CONVERSION = YES;
				CLANG_WARN_OBJC_IMPLICIT_RETAIN_SELF = YES;
				CLANG_WARN_OBJC_LITERAL_CONVERSION = YES;
				CLANG_WARN_OBJC_ROOT_CLASS = YES_ERROR;
				CLANG_WARN_QUOTED_INCLUDE_IN_FRAMEWORK_HEADER = YES;
				CLANG_WARN_RANGE_LOOP_ANALYSIS = YES;
				CLANG_WARN_STRICT_PROTOTYPES = YES;
				CLANG_WARN_SUSPICIOUS_MOVE = YES;
				CLANG_WARN_UNGUARDED_AVAILABILITY = YES_AGGRESSIVE;
				CLANG_WARN_UNREACHABLE_CODE = YES;
				CLANG_WARN__DUPLICATE_METHOD_MATCH = YES;
				COPY_PHASE_STRIP = NO;
				DEBUG_INFORMATION_FORMAT = dwarf;
				ENABLE_STRICT_OBJC_MSGSEND = YES;
				ENABLE_TESTABILITY = YES;
				GCC_C_LANGUAGE_STANDARD = gnu11;
				GCC_DYNAMIC_NO_PIC = NO;
				GCC_NO_COMMON_BLOCKS = YES;
				GCC_OPTIMIZATION_LEVEL = 0;
				GCC_PREPROCESSOR_DEFINITIONS = (
					"DEBUG=1",
					"$(inherited)",
				);
				GCC_WARN_64_TO_32_BIT_CONVERSION = YES;
				GCC_WARN_ABOUT_RETURN_TYPE = YES_ERROR;
				GCC_WARN_UNDECLARED_SELECTOR = YES;
				GCC_WARN_UNINITIALIZED_AUTOS = YES_AGGRESSIVE;
				GCC_WARN_UNUSED_FUNCTION = YES;
				GCC_WARN_UNUSED_VARIABLE = YES;
				MACOSX_DEPLOYMENT_TARGET = 12.3;
				MTL_ENABLE_DEBUG_INFO = INCLUDE_SOURCE;
				MTL_FAST_MATH = YES;
				ONLY_ACTIVE_ARCH = YES;
				SDKROOT = macosx;
				SWIFT_ACTIVE_COMPILATION_CONDITIONS = DEBUG;
				SWIFT_OPTIMIZATION_LEVEL = "-Onone";
			};
			name = Debug;
		};
		5242C16F289420C20085CA93 /* Release */ = {
			isa = XCBuildConfiguration;
			buildSettings = {
				ALWAYS_SEARCH_USER_PATHS = NO;
				CLANG_ANALYZER_NONNULL = YES;
				CLANG_ANALYZER_NUMBER_OBJECT_CONVERSION = YES_AGGRESSIVE;
				CLANG_CXX_LANGUAGE_STANDARD = "gnu++17";
				CLANG_ENABLE_MODULES = YES;
				CLANG_ENABLE_OBJC_ARC = YES;
				CLANG_ENABLE_OBJC_WEAK = YES;
				CLANG_WARN_BLOCK_CAPTURE_AUTORELEASING = YES;
				CLANG_WARN_BOOL_CONVERSION = YES;
				CLANG_WARN_COMMA = YES;
				CLANG_WARN_CONSTANT_CONVERSION = YES;
				CLANG_WARN_DEPRECATED_OBJC_IMPLEMENTATIONS = YES;
				CLANG_WARN_DIRECT_OBJC_ISA_USAGE = YES_ERROR;
				CLANG_WARN_DOCUMENTATION_COMMENTS = YES;
				CLANG_WARN_EMPTY_BODY = YES;
				CLANG_WARN_ENUM_CONVERSION = YES;
				CLANG_WARN_INFINITE_RECURSION = YES;
				CLANG_WARN_INT_CONVERSION = YES;
				CLANG_WARN_NON_LITERAL_NULL_CONVERSION = YES;
				CLANG_WARN_OBJC_IMPLICIT_RETAIN_SELF = YES;
				CLANG_WARN_OBJC_LITERAL_CONVERSION = YES;
				CLANG_WARN_OBJC_ROOT_CLASS = YES_ERROR;
				CLANG_WARN_QUOTED_INCLUDE_IN_FRAMEWORK_HEADER = YES;
				CLANG_WARN_RANGE_LOOP_ANALYSIS = YES;
				CLANG_WARN_STRICT_PROTOTYPES = YES;
				CLANG_WARN_SUSPICIOUS_MOVE = YES;
				CLANG_WARN_UNGUARDED_AVAILABILITY = YES_AGGRESSIVE;
				CLANG_WARN_UNREACHABLE_CODE = YES;
				CLANG_WARN__DUPLICATE_METHOD_MATCH = YES;
				COPY_PHASE_STRIP = NO;
				DEBUG_INFORMATION_FORMAT = "dwarf-with-dsym";
				ENABLE_NS_ASSERTIONS = NO;
				ENABLE_STRICT_OBJC_MSGSEND = YES;
				GCC_C_LANGUAGE_STANDARD = gnu11;
				GCC_NO_COMMON_BLOCKS = YES;
				GCC_WARN_64_TO_32_BIT_CONVERSION = YES;
				GCC_WARN_ABOUT_RETURN_TYPE = YES_ERROR;
				GCC_WARN_UNDECLARED_SELECTOR = YES;
				GCC_WARN_UNINITIALIZED_AUTOS = YES_AGGRESSIVE;
				GCC_WARN_UNUSED_FUNCTION = YES;
				GCC_WARN_UNUSED_VARIABLE = YES;
				MACOSX_DEPLOYMENT_TARGET = 12.3;
				MTL_ENABLE_DEBUG_INFO = NO;
				MTL_FAST_MATH = YES;
				SDKROOT = macosx;
				SWIFT_COMPILATION_MODE = wholemodule;
				SWIFT_OPTIMIZATION_LEVEL = "-O";
			};
			name = Release;
		};
		5242C171289420C20085CA93 /* Debug */ = {
			isa = XCBuildConfiguration;
			buildSettings = {
				ASSETCATALOG_COMPILER_APPICON_NAME = AppIcon;
				ASSETCATALOG_COMPILER_GLOBAL_ACCENT_COLOR_NAME = AccentColor;
				CODE_SIGN_ENTITLEMENTS = EssentialFeed/EssentialFeed.entitlements;
				CODE_SIGN_STYLE = Automatic;
				COMBINE_HIDPI_IMAGES = YES;
				CURRENT_PROJECT_VERSION = 1;
				DEVELOPMENT_TEAM = KYASDY9S38;
				ENABLE_HARDENED_RUNTIME = YES;
				GENERATE_INFOPLIST_FILE = YES;
				INFOPLIST_FILE = EssentialFeed/Info.plist;
				INFOPLIST_KEY_NSHumanReadableCopyright = "";
				INFOPLIST_KEY_NSMainStoryboardFile = Main;
				INFOPLIST_KEY_NSPrincipalClass = NSApplication;
				LD_RUNPATH_SEARCH_PATHS = (
					"$(inherited)",
					"@executable_path/../Frameworks",
				);
				MARKETING_VERSION = 1.0;
				PRODUCT_BUNDLE_IDENTIFIER = r.EssentialFeed;
				PRODUCT_NAME = "$(TARGET_NAME)";
				SWIFT_EMIT_LOC_STRINGS = YES;
				SWIFT_VERSION = 5.0;
			};
			name = Debug;
		};
		5242C172289420C20085CA93 /* Release */ = {
			isa = XCBuildConfiguration;
			buildSettings = {
				ASSETCATALOG_COMPILER_APPICON_NAME = AppIcon;
				ASSETCATALOG_COMPILER_GLOBAL_ACCENT_COLOR_NAME = AccentColor;
				CODE_SIGN_ENTITLEMENTS = EssentialFeed/EssentialFeed.entitlements;
				CODE_SIGN_STYLE = Automatic;
				COMBINE_HIDPI_IMAGES = YES;
				CURRENT_PROJECT_VERSION = 1;
				DEVELOPMENT_TEAM = KYASDY9S38;
				ENABLE_HARDENED_RUNTIME = YES;
				GENERATE_INFOPLIST_FILE = YES;
				INFOPLIST_FILE = EssentialFeed/Info.plist;
				INFOPLIST_KEY_NSHumanReadableCopyright = "";
				INFOPLIST_KEY_NSMainStoryboardFile = Main;
				INFOPLIST_KEY_NSPrincipalClass = NSApplication;
				LD_RUNPATH_SEARCH_PATHS = (
					"$(inherited)",
					"@executable_path/../Frameworks",
				);
				MARKETING_VERSION = 1.0;
				PRODUCT_BUNDLE_IDENTIFIER = r.EssentialFeed;
				PRODUCT_NAME = "$(TARGET_NAME)";
				SWIFT_EMIT_LOC_STRINGS = YES;
				SWIFT_VERSION = 5.0;
			};
			name = Release;
		};
		5242C17E289421050085CA93 /* Debug */ = {
			isa = XCBuildConfiguration;
			buildSettings = {
				BUNDLE_LOADER = "$(TEST_HOST)";
				CODE_SIGN_STYLE = Automatic;
				CURRENT_PROJECT_VERSION = 1;
				DEVELOPMENT_TEAM = KYASDY9S38;
				GENERATE_INFOPLIST_FILE = YES;
				MARKETING_VERSION = 1.0;
				PRODUCT_BUNDLE_IDENTIFIER = r.EssentialFeedTests;
				PRODUCT_NAME = "$(TARGET_NAME)";
				SWIFT_EMIT_LOC_STRINGS = NO;
				SWIFT_VERSION = 5.0;
				TEST_HOST = "$(BUILT_PRODUCTS_DIR)/EssentialFeed.app/Contents/MacOS/EssentialFeed";
			};
			name = Debug;
		};
		5242C17F289421050085CA93 /* Release */ = {
			isa = XCBuildConfiguration;
			buildSettings = {
				BUNDLE_LOADER = "$(TEST_HOST)";
				CODE_SIGN_STYLE = Automatic;
				CURRENT_PROJECT_VERSION = 1;
				DEVELOPMENT_TEAM = KYASDY9S38;
				GENERATE_INFOPLIST_FILE = YES;
				MARKETING_VERSION = 1.0;
				PRODUCT_BUNDLE_IDENTIFIER = r.EssentialFeedTests;
				PRODUCT_NAME = "$(TARGET_NAME)";
				SWIFT_EMIT_LOC_STRINGS = NO;
				SWIFT_VERSION = 5.0;
				TEST_HOST = "$(BUILT_PRODUCTS_DIR)/EssentialFeed.app/Contents/MacOS/EssentialFeed";
			};
			name = Release;
		};
		52A802D628C9E6D400BC9E4C /* Debug */ = {
			isa = XCBuildConfiguration;
			buildSettings = {
				BUNDLE_LOADER = "$(TEST_HOST)";
				CODE_SIGN_STYLE = Automatic;
				CURRENT_PROJECT_VERSION = 1;
				DEVELOPMENT_TEAM = KYASDY9S38;
				GENERATE_INFOPLIST_FILE = YES;
				MARKETING_VERSION = 1.0;
				PRODUCT_BUNDLE_IDENTIFIER = r.EssentialFeedAPIEndToEndTests;
				PRODUCT_NAME = "$(TARGET_NAME)";
				SWIFT_EMIT_LOC_STRINGS = NO;
				SWIFT_VERSION = 5.0;
				TEST_HOST = "$(BUILT_PRODUCTS_DIR)/EssentialFeed.app/Contents/MacOS/EssentialFeed";
			};
			name = Debug;
		};
		52A802D728C9E6D400BC9E4C /* Release */ = {
			isa = XCBuildConfiguration;
			buildSettings = {
				BUNDLE_LOADER = "$(TEST_HOST)";
				CODE_SIGN_STYLE = Automatic;
				CURRENT_PROJECT_VERSION = 1;
				DEVELOPMENT_TEAM = KYASDY9S38;
				GENERATE_INFOPLIST_FILE = YES;
				MARKETING_VERSION = 1.0;
				PRODUCT_BUNDLE_IDENTIFIER = r.EssentialFeedAPIEndToEndTests;
				PRODUCT_NAME = "$(TARGET_NAME)";
				SWIFT_EMIT_LOC_STRINGS = NO;
				SWIFT_VERSION = 5.0;
				TEST_HOST = "$(BUILT_PRODUCTS_DIR)/EssentialFeed.app/Contents/MacOS/EssentialFeed";
			};
			name = Release;
		};
/* End XCBuildConfiguration section */

/* Begin XCConfigurationList section */
		5242C15C289420C10085CA93 /* Build configuration list for PBXProject "EssentialFeed" */ = {
			isa = XCConfigurationList;
			buildConfigurations = (
				5242C16E289420C20085CA93 /* Debug */,
				5242C16F289420C20085CA93 /* Release */,
			);
			defaultConfigurationIsVisible = 0;
			defaultConfigurationName = Release;
		};
		5242C170289420C20085CA93 /* Build configuration list for PBXNativeTarget "EssentialFeed" */ = {
			isa = XCConfigurationList;
			buildConfigurations = (
				5242C171289420C20085CA93 /* Debug */,
				5242C172289420C20085CA93 /* Release */,
			);
			defaultConfigurationIsVisible = 0;
			defaultConfigurationName = Release;
		};
		5242C17D289421050085CA93 /* Build configuration list for PBXNativeTarget "EssentialFeedTests" */ = {
			isa = XCConfigurationList;
			buildConfigurations = (
				5242C17E289421050085CA93 /* Debug */,
				5242C17F289421050085CA93 /* Release */,
			);
			defaultConfigurationIsVisible = 0;
			defaultConfigurationName = Release;
		};
		52A802D828C9E6D400BC9E4C /* Build configuration list for PBXNativeTarget "EssentialFeedAPIEndToEndTests" */ = {
			isa = XCConfigurationList;
			buildConfigurations = (
				52A802D628C9E6D400BC9E4C /* Debug */,
				52A802D728C9E6D400BC9E4C /* Release */,
			);
			defaultConfigurationIsVisible = 0;
			defaultConfigurationName = Release;
		};
/* End XCConfigurationList section */
	};
	rootObject = 5242C159289420C10085CA93 /* Project object */;
}
