// !$*UTF8*$!
{
	archiveVersion = 1;
	classes = {
	};
	objectVersion = 55;
	objects = {

/* Begin PBXBuildFile section */
		52105A262938A7E60092A415 /* CodableFeedStore.swift in Sources */ = {isa = PBXBuildFile; fileRef = 52105A252938A7E60092A415 /* CodableFeedStore.swift */; };
		5219845528CA614100B476BB /* EssentialFeed.framework in Frameworks */ = {isa = PBXBuildFile; fileRef = 5219844C28CA614100B476BB /* EssentialFeed.framework */; };
		5219845B28CA614100B476BB /* EssentialFeed.h in Headers */ = {isa = PBXBuildFile; fileRef = 5219844F28CA614100B476BB /* EssentialFeed.h */; settings = {ATTRIBUTES = (Public, ); }; };
		5219846C28CA619700B476BB /* FeedLoader.swift in Sources */ = {isa = PBXBuildFile; fileRef = 5219846A28CA618D00B476BB /* FeedLoader.swift */; };
		5219846D28CA619A00B476BB /* FeedImage.swift in Sources */ = {isa = PBXBuildFile; fileRef = 5219846B28CA618D00B476BB /* FeedImage.swift */; };
		5219846E28CA61A000B476BB /* HTTPClient.swift in Sources */ = {isa = PBXBuildFile; fileRef = 5219846728CA618D00B476BB /* HTTPClient.swift */; };
		5219846F28CA61A000B476BB /* URLSessionHTTPClient.swift in Sources */ = {isa = PBXBuildFile; fileRef = 5219846528CA618D00B476BB /* URLSessionHTTPClient.swift */; };
		5219847028CA61A000B476BB /* FeedItemsMapper.swift in Sources */ = {isa = PBXBuildFile; fileRef = 5219846628CA618D00B476BB /* FeedItemsMapper.swift */; };
		5219847128CA61A000B476BB /* RemoteFeedLoader.swift in Sources */ = {isa = PBXBuildFile; fileRef = 5219846828CA618D00B476BB /* RemoteFeedLoader.swift */; };
		5219847F28CA621900B476BB /* EssentialFeed.framework in Frameworks */ = {isa = PBXBuildFile; fileRef = 5219844C28CA614100B476BB /* EssentialFeed.framework */; };
		5219848628CA622B00B476BB /* EssentialFeedAPIEndToEndTests.swift in Sources */ = {isa = PBXBuildFile; fileRef = 5219848528CA622700B476BB /* EssentialFeedAPIEndToEndTests.swift */; };
		5219848B28CA666800B476BB /* LoadFeedFromRemoteUseCaseTests.swift in Sources */ = {isa = PBXBuildFile; fileRef = 5219848928CA666800B476BB /* LoadFeedFromRemoteUseCaseTests.swift */; };
		5219848C28CA666800B476BB /* URLSessionHTTPClientTests.swift in Sources */ = {isa = PBXBuildFile; fileRef = 5219848A28CA666800B476BB /* URLSessionHTTPClientTests.swift */; };
		5226019B291AC1BA000F3900 /* FeedCachePolicy.swift in Sources */ = {isa = PBXBuildFile; fileRef = 5226019A291AC1BA000F3900 /* FeedCachePolicy.swift */; };
		525159B628E450D800D68232 /* CacheFeedUseCaseTests.swift in Sources */ = {isa = PBXBuildFile; fileRef = 525159B528E450D800D68232 /* CacheFeedUseCaseTests.swift */; };
		525F16AE2926AB2F000EABDE /* CodableFeedStoreTests.swift in Sources */ = {isa = PBXBuildFile; fileRef = 525F16AD2926AB2F000EABDE /* CodableFeedStoreTests.swift */; };
		5296368C29435356005EC0E0 /* FeedStoreSpecs.swift in Sources */ = {isa = PBXBuildFile; fileRef = 5296368B29435356005EC0E0 /* FeedStoreSpecs.swift */; };
		5296368E2943543B005EC0E0 /* XCTCase+FeedStoreSpecs.swift in Sources */ = {isa = PBXBuildFile; fileRef = 5296368D2943543B005EC0E0 /* XCTCase+FeedStoreSpecs.swift */; };
		5296369029436AAB005EC0E0 /* XCTestCase+FailableInsertFeedStoreSpecs.swift in Sources */ = {isa = PBXBuildFile; fileRef = 5296368F29436AAB005EC0E0 /* XCTestCase+FailableInsertFeedStoreSpecs.swift */; };
		52AFA7E92950C7DB003DFBAD /* CoreDataHelpers.swift in Sources */ = {isa = PBXBuildFile; fileRef = 52AFA7E82950C7DB003DFBAD /* CoreDataHelpers.swift */; };
		52B1DD4F28CB311100C2F159 /* XCTTestCaseMemoryLeaksTracking.swift in Sources */ = {isa = PBXBuildFile; fileRef = 52B1DD4E28CB311100C2F159 /* XCTTestCaseMemoryLeaksTracking.swift */; };
		52B1DD5028CB315300C2F159 /* XCTTestCaseMemoryLeaksTracking.swift in Sources */ = {isa = PBXBuildFile; fileRef = 52B1DD4E28CB311100C2F159 /* XCTTestCaseMemoryLeaksTracking.swift */; };
		52BA1E1629473BC600E5AA05 /* CoreDataFeedStoreTests.swift in Sources */ = {isa = PBXBuildFile; fileRef = 52BA1E1529473BC600E5AA05 /* CoreDataFeedStoreTests.swift */; };
		52BA1E1829473DF200E5AA05 /* CoreDataFeedStore.swift in Sources */ = {isa = PBXBuildFile; fileRef = 52BA1E1729473DF200E5AA05 /* CoreDataFeedStore.swift */; };
		52BA1E1E2947441B00E5AA05 /* FeedStore.xcdatamodeld in Sources */ = {isa = PBXBuildFile; fileRef = 52BA1E1C2947441B00E5AA05 /* FeedStore.xcdatamodeld */; };
		52D1A28528F86BBA0099D27F /* LoadFeedFromCacheUseCaseTests.swift in Sources */ = {isa = PBXBuildFile; fileRef = 52D1A28428F86BBA0099D27F /* LoadFeedFromCacheUseCaseTests.swift */; };
		52D1A28928F86EBA0099D27F /* FeedStoreSpy.swift in Sources */ = {isa = PBXBuildFile; fileRef = 52D1A28728F86E2B0099D27F /* FeedStoreSpy.swift */; };
		52D2504028F4590D002042C6 /* LocalFeedLoader.swift in Sources */ = {isa = PBXBuildFile; fileRef = 52D2503F28F4590D002042C6 /* LocalFeedLoader.swift */; };
		52D2504228F45A04002042C6 /* FeedStore.swift in Sources */ = {isa = PBXBuildFile; fileRef = 52D2504128F45A04002042C6 /* FeedStore.swift */; };
		52D2504428F46D80002042C6 /* RemoteFeedItem.swift in Sources */ = {isa = PBXBuildFile; fileRef = 52D2504328F46D80002042C6 /* RemoteFeedItem.swift */; };
		52D2504628F46E02002042C6 /* LocalFeedImage.swift in Sources */ = {isa = PBXBuildFile; fileRef = 52D2504528F46E02002042C6 /* LocalFeedImage.swift */; };
		52E54D6229081A3400D717B1 /* ValidateFeedCacheUseCaseTests.swift in Sources */ = {isa = PBXBuildFile; fileRef = 52E54D6129081A3400D717B1 /* ValidateFeedCacheUseCaseTests.swift */; };
		52E9D137290BD39500637C86 /* ValidateFeedcacheUseCaseTests.swift in Sources */ = {isa = PBXBuildFile; fileRef = 52E9D136290BD39500637C86 /* ValidateFeedcacheUseCaseTests.swift */; };
		52E9D13A290BDBBC00637C86 /* FeedCacheTestHelpers.swift in Sources */ = {isa = PBXBuildFile; fileRef = 52E9D138290BDB4D00637C86 /* FeedCacheTestHelpers.swift */; };
		52FCE35D290145B70012BBF5 /* Date+Extensions.swift in Sources */ = {isa = PBXBuildFile; fileRef = 52FCE35C290145B70012BBF5 /* Date+Extensions.swift */; };
/* End PBXBuildFile section */

/* Begin PBXContainerItemProxy section */
		5219845628CA614100B476BB /* PBXContainerItemProxy */ = {
			isa = PBXContainerItemProxy;
			containerPortal = 5219844328CA614100B476BB /* Project object */;
			proxyType = 1;
			remoteGlobalIDString = 5219844B28CA614100B476BB;
			remoteInfo = EssentialFeed;
		};
		5219848028CA621900B476BB /* PBXContainerItemProxy */ = {
			isa = PBXContainerItemProxy;
			containerPortal = 5219844328CA614100B476BB /* Project object */;
			proxyType = 1;
			remoteGlobalIDString = 5219844B28CA614100B476BB;
			remoteInfo = EssentialFeed;
		};
/* End PBXContainerItemProxy section */

/* Begin PBXFileReference section */
		52105A252938A7E60092A415 /* CodableFeedStore.swift */ = {isa = PBXFileReference; lastKnownFileType = sourcecode.swift; path = CodableFeedStore.swift; sourceTree = "<group>"; };
		5219844C28CA614100B476BB /* EssentialFeed.framework */ = {isa = PBXFileReference; explicitFileType = wrapper.framework; includeInIndex = 0; path = EssentialFeed.framework; sourceTree = BUILT_PRODUCTS_DIR; };
		5219844F28CA614100B476BB /* EssentialFeed.h */ = {isa = PBXFileReference; lastKnownFileType = sourcecode.c.h; path = EssentialFeed.h; sourceTree = "<group>"; };
		5219845428CA614100B476BB /* EssentialFeedTests.xctest */ = {isa = PBXFileReference; explicitFileType = wrapper.cfbundle; includeInIndex = 0; path = EssentialFeedTests.xctest; sourceTree = BUILT_PRODUCTS_DIR; };
		5219846528CA618D00B476BB /* URLSessionHTTPClient.swift */ = {isa = PBXFileReference; lastKnownFileType = sourcecode.swift; path = URLSessionHTTPClient.swift; sourceTree = "<group>"; };
		5219846628CA618D00B476BB /* FeedItemsMapper.swift */ = {isa = PBXFileReference; lastKnownFileType = sourcecode.swift; path = FeedItemsMapper.swift; sourceTree = "<group>"; };
		5219846728CA618D00B476BB /* HTTPClient.swift */ = {isa = PBXFileReference; lastKnownFileType = sourcecode.swift; path = HTTPClient.swift; sourceTree = "<group>"; };
		5219846828CA618D00B476BB /* RemoteFeedLoader.swift */ = {isa = PBXFileReference; lastKnownFileType = sourcecode.swift; path = RemoteFeedLoader.swift; sourceTree = "<group>"; };
		5219846A28CA618D00B476BB /* FeedLoader.swift */ = {isa = PBXFileReference; lastKnownFileType = sourcecode.swift; path = FeedLoader.swift; sourceTree = "<group>"; };
		5219846B28CA618D00B476BB /* FeedImage.swift */ = {isa = PBXFileReference; lastKnownFileType = sourcecode.swift; path = FeedImage.swift; sourceTree = "<group>"; };
		5219847B28CA621900B476BB /* EssentialFeedAPIEndToEndTests.xctest */ = {isa = PBXFileReference; explicitFileType = wrapper.cfbundle; includeInIndex = 0; path = EssentialFeedAPIEndToEndTests.xctest; sourceTree = BUILT_PRODUCTS_DIR; };
		5219848528CA622700B476BB /* EssentialFeedAPIEndToEndTests.swift */ = {isa = PBXFileReference; lastKnownFileType = sourcecode.swift; path = EssentialFeedAPIEndToEndTests.swift; sourceTree = "<group>"; };
		5219848928CA666800B476BB /* LoadFeedFromRemoteUseCaseTests.swift */ = {isa = PBXFileReference; fileEncoding = 4; lastKnownFileType = sourcecode.swift; path = LoadFeedFromRemoteUseCaseTests.swift; sourceTree = "<group>"; };
		5219848A28CA666800B476BB /* URLSessionHTTPClientTests.swift */ = {isa = PBXFileReference; fileEncoding = 4; lastKnownFileType = sourcecode.swift; path = URLSessionHTTPClientTests.swift; sourceTree = "<group>"; };
		5226019A291AC1BA000F3900 /* FeedCachePolicy.swift */ = {isa = PBXFileReference; lastKnownFileType = sourcecode.swift; path = FeedCachePolicy.swift; sourceTree = "<group>"; };
		525159B528E450D800D68232 /* CacheFeedUseCaseTests.swift */ = {isa = PBXFileReference; lastKnownFileType = sourcecode.swift; path = CacheFeedUseCaseTests.swift; sourceTree = "<group>"; };
		525F16AD2926AB2F000EABDE /* CodableFeedStoreTests.swift */ = {isa = PBXFileReference; lastKnownFileType = sourcecode.swift; path = CodableFeedStoreTests.swift; sourceTree = "<group>"; };
		5296368B29435356005EC0E0 /* FeedStoreSpecs.swift */ = {isa = PBXFileReference; lastKnownFileType = sourcecode.swift; path = FeedStoreSpecs.swift; sourceTree = "<group>"; };
		5296368D2943543B005EC0E0 /* XCTCase+FeedStoreSpecs.swift */ = {isa = PBXFileReference; lastKnownFileType = sourcecode.swift; path = "XCTCase+FeedStoreSpecs.swift"; sourceTree = "<group>"; };
		5296368F29436AAB005EC0E0 /* XCTestCase+FailableInsertFeedStoreSpecs.swift */ = {isa = PBXFileReference; lastKnownFileType = sourcecode.swift; path = "XCTestCase+FailableInsertFeedStoreSpecs.swift"; sourceTree = "<group>"; };
		52AFA7E82950C7DB003DFBAD /* CoreDataHelpers.swift */ = {isa = PBXFileReference; lastKnownFileType = sourcecode.swift; path = CoreDataHelpers.swift; sourceTree = "<group>"; };
		52B1DD4E28CB311100C2F159 /* XCTTestCaseMemoryLeaksTracking.swift */ = {isa = PBXFileReference; lastKnownFileType = sourcecode.swift; path = XCTTestCaseMemoryLeaksTracking.swift; sourceTree = "<group>"; };
		52BA1E1529473BC600E5AA05 /* CoreDataFeedStoreTests.swift */ = {isa = PBXFileReference; lastKnownFileType = sourcecode.swift; path = CoreDataFeedStoreTests.swift; sourceTree = "<group>"; };
		52BA1E1729473DF200E5AA05 /* CoreDataFeedStore.swift */ = {isa = PBXFileReference; lastKnownFileType = sourcecode.swift; path = CoreDataFeedStore.swift; sourceTree = "<group>"; };
		52BA1E1D2947441B00E5AA05 /* FeedStore.xcdatamodel */ = {isa = PBXFileReference; lastKnownFileType = wrapper.xcdatamodel; path = FeedStore.xcdatamodel; sourceTree = "<group>"; };
		52D1A28428F86BBA0099D27F /* LoadFeedFromCacheUseCaseTests.swift */ = {isa = PBXFileReference; lastKnownFileType = sourcecode.swift; path = LoadFeedFromCacheUseCaseTests.swift; sourceTree = "<group>"; };
		52D1A28728F86E2B0099D27F /* FeedStoreSpy.swift */ = {isa = PBXFileReference; lastKnownFileType = sourcecode.swift; path = FeedStoreSpy.swift; sourceTree = "<group>"; };
		52D2503F28F4590D002042C6 /* LocalFeedLoader.swift */ = {isa = PBXFileReference; lastKnownFileType = sourcecode.swift; path = LocalFeedLoader.swift; sourceTree = "<group>"; };
		52D2504128F45A04002042C6 /* FeedStore.swift */ = {isa = PBXFileReference; lastKnownFileType = sourcecode.swift; path = FeedStore.swift; sourceTree = "<group>"; };
		52D2504328F46D80002042C6 /* RemoteFeedItem.swift */ = {isa = PBXFileReference; lastKnownFileType = sourcecode.swift; path = RemoteFeedItem.swift; sourceTree = "<group>"; };
		52D2504528F46E02002042C6 /* LocalFeedImage.swift */ = {isa = PBXFileReference; lastKnownFileType = sourcecode.swift; path = LocalFeedImage.swift; sourceTree = "<group>"; };
		52E54D6129081A3400D717B1 /* ValidateFeedCacheUseCaseTests.swift */ = {isa = PBXFileReference; lastKnownFileType = sourcecode.swift; path = ValidateFeedCacheUseCaseTests.swift; sourceTree = "<group>"; };
		52E9D136290BD39500637C86 /* ValidateFeedcacheUseCaseTests.swift */ = {isa = PBXFileReference; lastKnownFileType = sourcecode.swift; name = ValidateFeedcacheUseCaseTests.swift; path = ../../ValidateFeedcacheUseCaseTests.swift; sourceTree = "<group>"; };
		52E9D138290BDB4D00637C86 /* FeedCacheTestHelpers.swift */ = {isa = PBXFileReference; lastKnownFileType = sourcecode.swift; path = FeedCacheTestHelpers.swift; sourceTree = "<group>"; };
		52FCE35C290145B70012BBF5 /* Date+Extensions.swift */ = {isa = PBXFileReference; lastKnownFileType = sourcecode.swift; path = "Date+Extensions.swift"; sourceTree = "<group>"; };
/* End PBXFileReference section */

/* Begin PBXFrameworksBuildPhase section */
		5219844928CA614100B476BB /* Frameworks */ = {
			isa = PBXFrameworksBuildPhase;
			buildActionMask = 2147483647;
			files = (
			);
			runOnlyForDeploymentPostprocessing = 0;
		};
		5219845128CA614100B476BB /* Frameworks */ = {
			isa = PBXFrameworksBuildPhase;
			buildActionMask = 2147483647;
			files = (
				5219845528CA614100B476BB /* EssentialFeed.framework in Frameworks */,
			);
			runOnlyForDeploymentPostprocessing = 0;
		};
		5219847828CA621900B476BB /* Frameworks */ = {
			isa = PBXFrameworksBuildPhase;
			buildActionMask = 2147483647;
			files = (
				5219847F28CA621900B476BB /* EssentialFeed.framework in Frameworks */,
			);
			runOnlyForDeploymentPostprocessing = 0;
		};
/* End PBXFrameworksBuildPhase section */

/* Begin PBXGroup section */
		5219844228CA614100B476BB = {
			isa = PBXGroup;
			children = (
				5219844E28CA614100B476BB /* EssentialFeed */,
				5219845828CA614100B476BB /* EssentialFeedTests */,
				5219847C28CA621900B476BB /* EssentialFeedAPIEndToEndTests */,
				5219844D28CA614100B476BB /* Products */,
			);
			sourceTree = "<group>";
		};
		5219844D28CA614100B476BB /* Products */ = {
			isa = PBXGroup;
			children = (
				5219844C28CA614100B476BB /* EssentialFeed.framework */,
				5219845428CA614100B476BB /* EssentialFeedTests.xctest */,
				5219847B28CA621900B476BB /* EssentialFeedAPIEndToEndTests.xctest */,
			);
			name = Products;
			sourceTree = "<group>";
		};
		5219844E28CA614100B476BB /* EssentialFeed */ = {
			isa = PBXGroup;
			children = (
				52D2503E28F458F6002042C6 /* Feed Cache */,
				5219846428CA618D00B476BB /* Fead API */,
				5219846928CA618D00B476BB /* Feed Feature */,
				5219844F28CA614100B476BB /* EssentialFeed.h */,
			);
			path = EssentialFeed;
			sourceTree = "<group>";
		};
		5219845828CA614100B476BB /* EssentialFeedTests */ = {
			isa = PBXGroup;
			children = (
				525159B228E44F6200D68232 /* Feed Cache */,
				5219848828CA666800B476BB /* Feed API */,
			);
			path = EssentialFeedTests;
			sourceTree = "<group>";
		};
		5219846428CA618D00B476BB /* Fead API */ = {
			isa = PBXGroup;
			children = (
				5219846528CA618D00B476BB /* URLSessionHTTPClient.swift */,
				5219846628CA618D00B476BB /* FeedItemsMapper.swift */,
				5219846728CA618D00B476BB /* HTTPClient.swift */,
				5219846828CA618D00B476BB /* RemoteFeedLoader.swift */,
				52D2504328F46D80002042C6 /* RemoteFeedItem.swift */,
			);
			path = "Fead API";
			sourceTree = "<group>";
		};
		5219846928CA618D00B476BB /* Feed Feature */ = {
			isa = PBXGroup;
			children = (
				52D1A28628F86E110099D27F /* Helpers */,
				5219846A28CA618D00B476BB /* FeedLoader.swift */,
				5219846B28CA618D00B476BB /* FeedImage.swift */,
			);
			path = "Feed Feature";
			sourceTree = "<group>";
		};
		5219847C28CA621900B476BB /* EssentialFeedAPIEndToEndTests */ = {
			isa = PBXGroup;
			children = (
				5219848528CA622700B476BB /* EssentialFeedAPIEndToEndTests.swift */,
			);
			path = EssentialFeedAPIEndToEndTests;
			sourceTree = "<group>";
		};
		5219848828CA666800B476BB /* Feed API */ = {
			isa = PBXGroup;
			children = (
				5219848928CA666800B476BB /* LoadFeedFromRemoteUseCaseTests.swift */,
				5219848A28CA666800B476BB /* URLSessionHTTPClientTests.swift */,
			);
			path = "Feed API";
			sourceTree = "<group>";
		};
		525159B228E44F6200D68232 /* Feed Cache */ = {
			isa = PBXGroup;
			children = (
				52B1DD4D28CB30CC00C2F159 /* Helpers */,
				52BA1E1429473B7100E5AA05 /* FeedStoreSpecs */,
				525159B528E450D800D68232 /* CacheFeedUseCaseTests.swift */,
				525F16AD2926AB2F000EABDE /* CodableFeedStoreTests.swift */,
				52BA1E1529473BC600E5AA05 /* CoreDataFeedStoreTests.swift */,
				52D1A28428F86BBA0099D27F /* LoadFeedFromCacheUseCaseTests.swift */,
				52E9D136290BD39500637C86 /* ValidateFeedcacheUseCaseTests.swift */,
				52E54D6129081A3400D717B1 /* ValidateFeedCacheUseCaseTests.swift */,
				5296368F29436AAB005EC0E0 /* XCTestCase+FailableInsertFeedStoreSpecs.swift */,
			);
			path = "Feed Cache";
			sourceTree = "<group>";
		};
		52B1DD4D28CB30CC00C2F159 /* Helpers */ = {
			isa = PBXGroup;
			children = (
				52B1DD4E28CB311100C2F159 /* XCTTestCaseMemoryLeaksTracking.swift */,
			);
			path = Helpers;
			sourceTree = "<group>";
		};
		52BA1E1429473B7100E5AA05 /* FeedStoreSpecs */ = {
			isa = PBXGroup;
			children = (
				5296368D2943543B005EC0E0 /* XCTCase+FeedStoreSpecs.swift */,
				5296368B29435356005EC0E0 /* FeedStoreSpecs.swift */,
			);
			path = FeedStoreSpecs;
			sourceTree = "<group>";
		};
		52BA1E1A294743C600E5AA05 /* Infrastructure */ = {
			isa = PBXGroup;
			children = (
				52BA1E1B294743D000E5AA05 /* CoreData */,
			);
			path = Infrastructure;
			sourceTree = "<group>";
		};
		52BA1E1B294743D000E5AA05 /* CoreData */ = {
			isa = PBXGroup;
			children = (
				52BA1E1729473DF200E5AA05 /* CoreDataFeedStore.swift */,
				52AFA7E82950C7DB003DFBAD /* CoreDataHelpers.swift */,
				52BA1E1C2947441B00E5AA05 /* FeedStore.xcdatamodeld */,
			);
			path = CoreData;
			sourceTree = "<group>";
		};
		52D1A28628F86E110099D27F /* Helpers */ = {
			isa = PBXGroup;
			children = (
				52D1A28728F86E2B0099D27F /* FeedStoreSpy.swift */,
				52FCE35C290145B70012BBF5 /* Date+Extensions.swift */,
				52E9D138290BDB4D00637C86 /* FeedCacheTestHelpers.swift */,
			);
			path = Helpers;
			sourceTree = "<group>";
		};
		52D2503E28F458F6002042C6 /* Feed Cache */ = {
			isa = PBXGroup;
			children = (
				52D2503F28F4590D002042C6 /* LocalFeedLoader.swift */,
				52D2504128F45A04002042C6 /* FeedStore.swift */,
				52D2504528F46E02002042C6 /* LocalFeedImage.swift */,
				5226019A291AC1BA000F3900 /* FeedCachePolicy.swift */,
				52105A252938A7E60092A415 /* CodableFeedStore.swift */,
				52BA1E1A294743C600E5AA05 /* Infrastructure */,
			);
			path = "Feed Cache";
			sourceTree = "<group>";
		};
/* End PBXGroup section */

/* Begin PBXHeadersBuildPhase section */
		5219844728CA614100B476BB /* Headers */ = {
			isa = PBXHeadersBuildPhase;
			buildActionMask = 2147483647;
			files = (
				5219845B28CA614100B476BB /* EssentialFeed.h in Headers */,
			);
			runOnlyForDeploymentPostprocessing = 0;
		};
/* End PBXHeadersBuildPhase section */

/* Begin PBXNativeTarget section */
		5219844B28CA614100B476BB /* EssentialFeed */ = {
			isa = PBXNativeTarget;
			buildConfigurationList = 5219845E28CA614100B476BB /* Build configuration list for PBXNativeTarget "EssentialFeed" */;
			buildPhases = (
				5219844728CA614100B476BB /* Headers */,
				5219844828CA614100B476BB /* Sources */,
				5219844928CA614100B476BB /* Frameworks */,
				5219844A28CA614100B476BB /* Resources */,
			);
			buildRules = (
			);
			dependencies = (
			);
			name = EssentialFeed;
			productName = EssentialFeed;
			productReference = 5219844C28CA614100B476BB /* EssentialFeed.framework */;
			productType = "com.apple.product-type.framework";
		};
		5219845328CA614100B476BB /* EssentialFeedTests */ = {
			isa = PBXNativeTarget;
			buildConfigurationList = 5219846128CA614100B476BB /* Build configuration list for PBXNativeTarget "EssentialFeedTests" */;
			buildPhases = (
				5219845028CA614100B476BB /* Sources */,
				5219845128CA614100B476BB /* Frameworks */,
				5219845228CA614100B476BB /* Resources */,
			);
			buildRules = (
			);
			dependencies = (
				5219845728CA614100B476BB /* PBXTargetDependency */,
			);
			name = EssentialFeedTests;
			productName = EssentialFeedTests;
			productReference = 5219845428CA614100B476BB /* EssentialFeedTests.xctest */;
			productType = "com.apple.product-type.bundle.unit-test";
		};
		5219847A28CA621900B476BB /* EssentialFeedAPIEndToEndTests */ = {
			isa = PBXNativeTarget;
			buildConfigurationList = 5219848228CA621900B476BB /* Build configuration list for PBXNativeTarget "EssentialFeedAPIEndToEndTests" */;
			buildPhases = (
				5219847728CA621900B476BB /* Sources */,
				5219847828CA621900B476BB /* Frameworks */,
				5219847928CA621900B476BB /* Resources */,
			);
			buildRules = (
			);
			dependencies = (
				5219848128CA621900B476BB /* PBXTargetDependency */,
			);
			name = EssentialFeedAPIEndToEndTests;
			productName = EssentialFeedAPIEndToEndTests;
			productReference = 5219847B28CA621900B476BB /* EssentialFeedAPIEndToEndTests.xctest */;
			productType = "com.apple.product-type.bundle.unit-test";
		};
/* End PBXNativeTarget section */

/* Begin PBXProject section */
		5219844328CA614100B476BB /* Project object */ = {
			isa = PBXProject;
			attributes = {
				BuildIndependentTargetsInParallel = 1;
				LastSwiftUpdateCheck = 1340;
				LastUpgradeCheck = 1400;
				TargetAttributes = {
					5219844B28CA614100B476BB = {
						CreatedOnToolsVersion = 13.4.1;
					};
					5219845328CA614100B476BB = {
						CreatedOnToolsVersion = 13.4.1;
					};
					5219847A28CA621900B476BB = {
						CreatedOnToolsVersion = 13.4.1;
					};
				};
			};
			buildConfigurationList = 5219844628CA614100B476BB /* Build configuration list for PBXProject "EssentialFeed" */;
			compatibilityVersion = "Xcode 13.0";
			developmentRegion = en;
			hasScannedForEncodings = 0;
			knownRegions = (
				en,
				Base,
			);
			mainGroup = 5219844228CA614100B476BB;
			productRefGroup = 5219844D28CA614100B476BB /* Products */;
			projectDirPath = "";
			projectRoot = "";
			targets = (
				5219844B28CA614100B476BB /* EssentialFeed */,
				5219845328CA614100B476BB /* EssentialFeedTests */,
				5219847A28CA621900B476BB /* EssentialFeedAPIEndToEndTests */,
			);
		};
/* End PBXProject section */

/* Begin PBXResourcesBuildPhase section */
		5219844A28CA614100B476BB /* Resources */ = {
			isa = PBXResourcesBuildPhase;
			buildActionMask = 2147483647;
			files = (
			);
			runOnlyForDeploymentPostprocessing = 0;
		};
		5219845228CA614100B476BB /* Resources */ = {
			isa = PBXResourcesBuildPhase;
			buildActionMask = 2147483647;
			files = (
			);
			runOnlyForDeploymentPostprocessing = 0;
		};
		5219847928CA621900B476BB /* Resources */ = {
			isa = PBXResourcesBuildPhase;
			buildActionMask = 2147483647;
			files = (
			);
			runOnlyForDeploymentPostprocessing = 0;
		};
/* End PBXResourcesBuildPhase section */

/* Begin PBXSourcesBuildPhase section */
		5219844828CA614100B476BB /* Sources */ = {
			isa = PBXSourcesBuildPhase;
			buildActionMask = 2147483647;
			files = (
				52D2504628F46E02002042C6 /* LocalFeedImage.swift in Sources */,
				52BA1E1E2947441B00E5AA05 /* FeedStore.xcdatamodeld in Sources */,
				52FCE35D290145B70012BBF5 /* Date+Extensions.swift in Sources */,
				52D2504228F45A04002042C6 /* FeedStore.swift in Sources */,
				5219847028CA61A000B476BB /* FeedItemsMapper.swift in Sources */,
				5219846D28CA619A00B476BB /* FeedImage.swift in Sources */,
				52AFA7E92950C7DB003DFBAD /* CoreDataHelpers.swift in Sources */,
				5219846C28CA619700B476BB /* FeedLoader.swift in Sources */,
				52BA1E1829473DF200E5AA05 /* CoreDataFeedStore.swift in Sources */,
				5219846E28CA61A000B476BB /* HTTPClient.swift in Sources */,
				5219847128CA61A000B476BB /* RemoteFeedLoader.swift in Sources */,
				52105A262938A7E60092A415 /* CodableFeedStore.swift in Sources */,
				5226019B291AC1BA000F3900 /* FeedCachePolicy.swift in Sources */,
				52D2504428F46D80002042C6 /* RemoteFeedItem.swift in Sources */,
				5219846F28CA61A000B476BB /* URLSessionHTTPClient.swift in Sources */,
				52D2504028F4590D002042C6 /* LocalFeedLoader.swift in Sources */,
			);
			runOnlyForDeploymentPostprocessing = 0;
		};
		5219845028CA614100B476BB /* Sources */ = {
			isa = PBXSourcesBuildPhase;
			buildActionMask = 2147483647;
			files = (
				5296368E2943543B005EC0E0 /* XCTCase+FeedStoreSpecs.swift in Sources */,
				525F16AE2926AB2F000EABDE /* CodableFeedStoreTests.swift in Sources */,
				52E54D6229081A3400D717B1 /* ValidateFeedCacheUseCaseTests.swift in Sources */,
				52B1DD4F28CB311100C2F159 /* XCTTestCaseMemoryLeaksTracking.swift in Sources */,
				5219848B28CA666800B476BB /* LoadFeedFromRemoteUseCaseTests.swift in Sources */,
				52D1A28928F86EBA0099D27F /* FeedStoreSpy.swift in Sources */,
				52BA1E1629473BC600E5AA05 /* CoreDataFeedStoreTests.swift in Sources */,
				52E9D13A290BDBBC00637C86 /* FeedCacheTestHelpers.swift in Sources */,
				5296369029436AAB005EC0E0 /* XCTestCase+FailableInsertFeedStoreSpecs.swift in Sources */,
				52E9D137290BD39500637C86 /* ValidateFeedcacheUseCaseTests.swift in Sources */,
				525159B628E450D800D68232 /* CacheFeedUseCaseTests.swift in Sources */,
				52D1A28528F86BBA0099D27F /* LoadFeedFromCacheUseCaseTests.swift in Sources */,
				5296368C29435356005EC0E0 /* FeedStoreSpecs.swift in Sources */,
				5219848C28CA666800B476BB /* URLSessionHTTPClientTests.swift in Sources */,
			);
			runOnlyForDeploymentPostprocessing = 0;
		};
		5219847728CA621900B476BB /* Sources */ = {
			isa = PBXSourcesBuildPhase;
			buildActionMask = 2147483647;
			files = (
				52B1DD5028CB315300C2F159 /* XCTTestCaseMemoryLeaksTracking.swift in Sources */,
				5219848628CA622B00B476BB /* EssentialFeedAPIEndToEndTests.swift in Sources */,
			);
			runOnlyForDeploymentPostprocessing = 0;
		};
/* End PBXSourcesBuildPhase section */

/* Begin PBXTargetDependency section */
		5219845728CA614100B476BB /* PBXTargetDependency */ = {
			isa = PBXTargetDependency;
			target = 5219844B28CA614100B476BB /* EssentialFeed */;
			targetProxy = 5219845628CA614100B476BB /* PBXContainerItemProxy */;
		};
		5219848128CA621900B476BB /* PBXTargetDependency */ = {
			isa = PBXTargetDependency;
			target = 5219844B28CA614100B476BB /* EssentialFeed */;
			targetProxy = 5219848028CA621900B476BB /* PBXContainerItemProxy */;
		};
/* End PBXTargetDependency section */

/* Begin XCBuildConfiguration section */
		5219845C28CA614100B476BB /* Debug */ = {
			isa = XCBuildConfiguration;
			buildSettings = {
				ALWAYS_SEARCH_USER_PATHS = NO;
				CLANG_ANALYZER_NONNULL = YES;
				CLANG_ANALYZER_NUMBER_OBJECT_CONVERSION = YES_AGGRESSIVE;
				CLANG_CXX_LANGUAGE_STANDARD = "gnu++17";
				CLANG_ENABLE_MODULES = YES;
				CLANG_ENABLE_OBJC_ARC = YES;
				CLANG_ENABLE_OBJC_WEAK = YES;
				CLANG_WARN_BLOCK_CAPTURE_AUTORELEASING = YES;
				CLANG_WARN_BOOL_CONVERSION = YES;
				CLANG_WARN_COMMA = YES;
				CLANG_WARN_CONSTANT_CONVERSION = YES;
				CLANG_WARN_DEPRECATED_OBJC_IMPLEMENTATIONS = YES;
				CLANG_WARN_DIRECT_OBJC_ISA_USAGE = YES_ERROR;
				CLANG_WARN_DOCUMENTATION_COMMENTS = YES;
				CLANG_WARN_EMPTY_BODY = YES;
				CLANG_WARN_ENUM_CONVERSION = YES;
				CLANG_WARN_INFINITE_RECURSION = YES;
				CLANG_WARN_INT_CONVERSION = YES;
				CLANG_WARN_NON_LITERAL_NULL_CONVERSION = YES;
				CLANG_WARN_OBJC_IMPLICIT_RETAIN_SELF = YES;
				CLANG_WARN_OBJC_LITERAL_CONVERSION = YES;
				CLANG_WARN_OBJC_ROOT_CLASS = YES_ERROR;
				CLANG_WARN_QUOTED_INCLUDE_IN_FRAMEWORK_HEADER = YES;
				CLANG_WARN_RANGE_LOOP_ANALYSIS = YES;
				CLANG_WARN_STRICT_PROTOTYPES = YES;
				CLANG_WARN_SUSPICIOUS_MOVE = YES;
				CLANG_WARN_UNGUARDED_AVAILABILITY = YES_AGGRESSIVE;
				CLANG_WARN_UNREACHABLE_CODE = YES;
				CLANG_WARN__DUPLICATE_METHOD_MATCH = YES;
				COPY_PHASE_STRIP = NO;
				CURRENT_PROJECT_VERSION = 1;
				DEAD_CODE_STRIPPING = YES;
				DEBUG_INFORMATION_FORMAT = dwarf;
				ENABLE_STRICT_OBJC_MSGSEND = YES;
				ENABLE_TESTABILITY = YES;
				GCC_C_LANGUAGE_STANDARD = gnu11;
				GCC_DYNAMIC_NO_PIC = NO;
				GCC_NO_COMMON_BLOCKS = YES;
				GCC_OPTIMIZATION_LEVEL = 0;
				GCC_PREPROCESSOR_DEFINITIONS = (
					"DEBUG=1",
					"$(inherited)",
				);
				GCC_WARN_64_TO_32_BIT_CONVERSION = YES;
				GCC_WARN_ABOUT_RETURN_TYPE = YES_ERROR;
				GCC_WARN_UNDECLARED_SELECTOR = YES;
				GCC_WARN_UNINITIALIZED_AUTOS = YES_AGGRESSIVE;
				GCC_WARN_UNUSED_FUNCTION = YES;
				GCC_WARN_UNUSED_VARIABLE = YES;
				MACOSX_DEPLOYMENT_TARGET = 12.3;
				MTL_ENABLE_DEBUG_INFO = INCLUDE_SOURCE;
				MTL_FAST_MATH = YES;
				ONLY_ACTIVE_ARCH = YES;
				SDKROOT = macosx;
				SWIFT_ACTIVE_COMPILATION_CONDITIONS = DEBUG;
				SWIFT_OPTIMIZATION_LEVEL = "-Onone";
				VERSIONING_SYSTEM = "apple-generic";
				VERSION_INFO_PREFIX = "";
			};
			name = Debug;
		};
		5219845D28CA614100B476BB /* Release */ = {
			isa = XCBuildConfiguration;
			buildSettings = {
				ALWAYS_SEARCH_USER_PATHS = NO;
				CLANG_ANALYZER_NONNULL = YES;
				CLANG_ANALYZER_NUMBER_OBJECT_CONVERSION = YES_AGGRESSIVE;
				CLANG_CXX_LANGUAGE_STANDARD = "gnu++17";
				CLANG_ENABLE_MODULES = YES;
				CLANG_ENABLE_OBJC_ARC = YES;
				CLANG_ENABLE_OBJC_WEAK = YES;
				CLANG_WARN_BLOCK_CAPTURE_AUTORELEASING = YES;
				CLANG_WARN_BOOL_CONVERSION = YES;
				CLANG_WARN_COMMA = YES;
				CLANG_WARN_CONSTANT_CONVERSION = YES;
				CLANG_WARN_DEPRECATED_OBJC_IMPLEMENTATIONS = YES;
				CLANG_WARN_DIRECT_OBJC_ISA_USAGE = YES_ERROR;
				CLANG_WARN_DOCUMENTATION_COMMENTS = YES;
				CLANG_WARN_EMPTY_BODY = YES;
				CLANG_WARN_ENUM_CONVERSION = YES;
				CLANG_WARN_INFINITE_RECURSION = YES;
				CLANG_WARN_INT_CONVERSION = YES;
				CLANG_WARN_NON_LITERAL_NULL_CONVERSION = YES;
				CLANG_WARN_OBJC_IMPLICIT_RETAIN_SELF = YES;
				CLANG_WARN_OBJC_LITERAL_CONVERSION = YES;
				CLANG_WARN_OBJC_ROOT_CLASS = YES_ERROR;
				CLANG_WARN_QUOTED_INCLUDE_IN_FRAMEWORK_HEADER = YES;
				CLANG_WARN_RANGE_LOOP_ANALYSIS = YES;
				CLANG_WARN_STRICT_PROTOTYPES = YES;
				CLANG_WARN_SUSPICIOUS_MOVE = YES;
				CLANG_WARN_UNGUARDED_AVAILABILITY = YES_AGGRESSIVE;
				CLANG_WARN_UNREACHABLE_CODE = YES;
				CLANG_WARN__DUPLICATE_METHOD_MATCH = YES;
				COPY_PHASE_STRIP = NO;
				CURRENT_PROJECT_VERSION = 1;
				DEAD_CODE_STRIPPING = YES;
				DEBUG_INFORMATION_FORMAT = "dwarf-with-dsym";
				ENABLE_NS_ASSERTIONS = NO;
				ENABLE_STRICT_OBJC_MSGSEND = YES;
				GCC_C_LANGUAGE_STANDARD = gnu11;
				GCC_NO_COMMON_BLOCKS = YES;
				GCC_WARN_64_TO_32_BIT_CONVERSION = YES;
				GCC_WARN_ABOUT_RETURN_TYPE = YES_ERROR;
				GCC_WARN_UNDECLARED_SELECTOR = YES;
				GCC_WARN_UNINITIALIZED_AUTOS = YES_AGGRESSIVE;
				GCC_WARN_UNUSED_FUNCTION = YES;
				GCC_WARN_UNUSED_VARIABLE = YES;
				MACOSX_DEPLOYMENT_TARGET = 12.3;
				MTL_ENABLE_DEBUG_INFO = NO;
				MTL_FAST_MATH = YES;
				SDKROOT = macosx;
				SWIFT_COMPILATION_MODE = wholemodule;
				SWIFT_OPTIMIZATION_LEVEL = "-O";
				VERSIONING_SYSTEM = "apple-generic";
				VERSION_INFO_PREFIX = "";
			};
			name = Release;
		};
		5219845F28CA614100B476BB /* Debug */ = {
			isa = XCBuildConfiguration;
			buildSettings = {
				CODE_SIGN_STYLE = Automatic;
				COMBINE_HIDPI_IMAGES = YES;
				CURRENT_PROJECT_VERSION = 1;
				DEAD_CODE_STRIPPING = YES;
				DEFINES_MODULE = YES;
				DEVELOPMENT_TEAM = KYASDY9S38;
				DYLIB_COMPATIBILITY_VERSION = 1;
				DYLIB_CURRENT_VERSION = 1;
				DYLIB_INSTALL_NAME_BASE = "@rpath";
				GENERATE_INFOPLIST_FILE = YES;
				INFOPLIST_KEY_NSHumanReadableCopyright = "";
				INSTALL_PATH = "$(LOCAL_LIBRARY_DIR)/Frameworks";
				LD_RUNPATH_SEARCH_PATHS = (
					"$(inherited)",
					"@executable_path/../Frameworks",
					"@loader_path/Frameworks",
				);
				MARKETING_VERSION = 1.0;
				PRODUCT_BUNDLE_IDENTIFIER = r.EssentialFeed;
				PRODUCT_NAME = "$(TARGET_NAME:c99extidentifier)";
				SKIP_INSTALL = YES;
				SWIFT_EMIT_LOC_STRINGS = YES;
				SWIFT_VERSION = 5.0;
			};
			name = Debug;
		};
		5219846028CA614100B476BB /* Release */ = {
			isa = XCBuildConfiguration;
			buildSettings = {
				CODE_SIGN_STYLE = Automatic;
				COMBINE_HIDPI_IMAGES = YES;
				CURRENT_PROJECT_VERSION = 1;
				DEAD_CODE_STRIPPING = YES;
				DEFINES_MODULE = YES;
				DEVELOPMENT_TEAM = KYASDY9S38;
				DYLIB_COMPATIBILITY_VERSION = 1;
				DYLIB_CURRENT_VERSION = 1;
				DYLIB_INSTALL_NAME_BASE = "@rpath";
				GENERATE_INFOPLIST_FILE = YES;
				INFOPLIST_KEY_NSHumanReadableCopyright = "";
				INSTALL_PATH = "$(LOCAL_LIBRARY_DIR)/Frameworks";
				LD_RUNPATH_SEARCH_PATHS = (
					"$(inherited)",
					"@executable_path/../Frameworks",
					"@loader_path/Frameworks",
				);
				MARKETING_VERSION = 1.0;
				PRODUCT_BUNDLE_IDENTIFIER = r.EssentialFeed;
				PRODUCT_NAME = "$(TARGET_NAME:c99extidentifier)";
				SKIP_INSTALL = YES;
				SWIFT_EMIT_LOC_STRINGS = YES;
				SWIFT_VERSION = 5.0;
			};
			name = Release;
		};
		5219846228CA614100B476BB /* Debug */ = {
			isa = XCBuildConfiguration;
			buildSettings = {
				ALWAYS_EMBED_SWIFT_STANDARD_LIBRARIES = YES;
				CODE_SIGN_STYLE = Automatic;
				CURRENT_PROJECT_VERSION = 1;
				DEAD_CODE_STRIPPING = YES;
				DEVELOPMENT_TEAM = KYASDY9S38;
				GENERATE_INFOPLIST_FILE = YES;
				MARKETING_VERSION = 1.0;
				PRODUCT_BUNDLE_IDENTIFIER = r.EssentialFeedTests;
				PRODUCT_NAME = "$(TARGET_NAME)";
				SWIFT_EMIT_LOC_STRINGS = NO;
				SWIFT_VERSION = 5.0;
			};
			name = Debug;
		};
		5219846328CA614100B476BB /* Release */ = {
			isa = XCBuildConfiguration;
			buildSettings = {
				ALWAYS_EMBED_SWIFT_STANDARD_LIBRARIES = YES;
				CODE_SIGN_STYLE = Automatic;
				CURRENT_PROJECT_VERSION = 1;
				DEAD_CODE_STRIPPING = YES;
				DEVELOPMENT_TEAM = KYASDY9S38;
				GENERATE_INFOPLIST_FILE = YES;
				MARKETING_VERSION = 1.0;
				PRODUCT_BUNDLE_IDENTIFIER = r.EssentialFeedTests;
				PRODUCT_NAME = "$(TARGET_NAME)";
				SWIFT_EMIT_LOC_STRINGS = NO;
				SWIFT_VERSION = 5.0;
			};
			name = Release;
		};
		5219848328CA621900B476BB /* Debug */ = {
			isa = XCBuildConfiguration;
			buildSettings = {
				CODE_SIGN_STYLE = Automatic;
				CURRENT_PROJECT_VERSION = 1;
				DEAD_CODE_STRIPPING = YES;
				DEVELOPMENT_TEAM = KYASDY9S38;
				GENERATE_INFOPLIST_FILE = YES;
				MARKETING_VERSION = 1.0;
				PRODUCT_BUNDLE_IDENTIFIER = r.EssentialFeedAPIEndToEndTests;
				PRODUCT_NAME = "$(TARGET_NAME)";
				SWIFT_EMIT_LOC_STRINGS = NO;
				SWIFT_VERSION = 5.0;
			};
			name = Debug;
		};
		5219848428CA621900B476BB /* Release */ = {
			isa = XCBuildConfiguration;
			buildSettings = {
				CODE_SIGN_STYLE = Automatic;
				CURRENT_PROJECT_VERSION = 1;
				DEAD_CODE_STRIPPING = YES;
				DEVELOPMENT_TEAM = KYASDY9S38;
				GENERATE_INFOPLIST_FILE = YES;
				MARKETING_VERSION = 1.0;
				PRODUCT_BUNDLE_IDENTIFIER = r.EssentialFeedAPIEndToEndTests;
				PRODUCT_NAME = "$(TARGET_NAME)";
				SWIFT_EMIT_LOC_STRINGS = NO;
				SWIFT_VERSION = 5.0;
			};
			name = Release;
		};
/* End XCBuildConfiguration section */

/* Begin XCConfigurationList section */
		5219844628CA614100B476BB /* Build configuration list for PBXProject "EssentialFeed" */ = {
			isa = XCConfigurationList;
			buildConfigurations = (
				5219845C28CA614100B476BB /* Debug */,
				5219845D28CA614100B476BB /* Release */,
			);
			defaultConfigurationIsVisible = 0;
			defaultConfigurationName = Release;
		};
		5219845E28CA614100B476BB /* Build configuration list for PBXNativeTarget "EssentialFeed" */ = {
			isa = XCConfigurationList;
			buildConfigurations = (
				5219845F28CA614100B476BB /* Debug */,
				5219846028CA614100B476BB /* Release */,
			);
			defaultConfigurationIsVisible = 0;
			defaultConfigurationName = Release;
		};
		5219846128CA614100B476BB /* Build configuration list for PBXNativeTarget "EssentialFeedTests" */ = {
			isa = XCConfigurationList;
			buildConfigurations = (
				5219846228CA614100B476BB /* Debug */,
				5219846328CA614100B476BB /* Release */,
			);
			defaultConfigurationIsVisible = 0;
			defaultConfigurationName = Release;
		};
		5219848228CA621900B476BB /* Build configuration list for PBXNativeTarget "EssentialFeedAPIEndToEndTests" */ = {
			isa = XCConfigurationList;
			buildConfigurations = (
				5219848328CA621900B476BB /* Debug */,
				5219848428CA621900B476BB /* Release */,
			);
			defaultConfigurationIsVisible = 0;
			defaultConfigurationName = Release;
		};
/* End XCConfigurationList section */

/* Begin XCVersionGroup section */
		52BA1E1C2947441B00E5AA05 /* FeedStore.xcdatamodeld */ = {
			isa = XCVersionGroup;
			children = (
				52BA1E1D2947441B00E5AA05 /* FeedStore.xcdatamodel */,
			);
			currentVersion = 52BA1E1D2947441B00E5AA05 /* FeedStore.xcdatamodel */;
			path = FeedStore.xcdatamodeld;
			sourceTree = "<group>";
			versionGroupType = wrapper.xcdatamodel;
		};
/* End XCVersionGroup section */
	};
	rootObject = 5219844328CA614100B476BB /* Project object */;
}
